
Microsoft Visual Studio Solution File, Format Version 12.00
# Visual Studio 15
VisualStudioVersion = 15.0.28307.329
MinimumVisualStudioVersion = 10.0.40219.1
Project("{9A19103F-16F7-4668-BE54-9A1E7A4F7556}") = "ExtensionsLibrary", "ExtensionsLibrary\ExtensionsLibrary.csproj", "{EF3DAF00-A9D5-495B-BC57-661345B71A47}"
EndProject
Project("{FAE04EC0-301F-11D3-BF4B-00C04F79EFBC}") = "WpfControlLibrary", "WpfControlLibrary\WpfControlLibrary.csproj", "{2AA159BC-3587-483B-BE54-E9E6C30BE4B6}"
EndProject
Project("{FAE04EC0-301F-11D3-BF4B-00C04F79EFBC}") = "WpfSample", "WpfSample\WpfSample.csproj", "{EC920D7F-8B45-4314-87B3-5229D1C220CC}"
EndProject
Global
	GlobalSection(SolutionConfigurationPlatforms) = preSolution
		Debug|Any CPU = Debug|Any CPU
		Release|Any CPU = Release|Any CPU
	EndGlobalSection
	GlobalSection(ProjectConfigurationPlatforms) = postSolution
		{EF3DAF00-A9D5-495B-BC57-661345B71A47}.Debug|Any CPU.ActiveCfg = Debug|Any CPU
		{EF3DAF00-A9D5-495B-BC57-661345B71A47}.Debug|Any CPU.Build.0 = Debug|Any CPU
		{EF3DAF00-A9D5-495B-BC57-661345B71A47}.Release|Any CPU.ActiveCfg = Release|Any CPU
		{EF3DAF00-A9D5-495B-BC57-661345B71A47}.Release|Any CPU.Build.0 = Release|Any CPU
		{2AA159BC-3587-483B-BE54-E9E6C30BE4B6}.Debug|Any CPU.ActiveCfg = Debug|Any CPU
		{2AA159BC-3587-483B-BE54-E9E6C30BE4B6}.Debug|Any CPU.Build.0 = Debug|Any CPU
		{2AA159BC-3587-483B-BE54-E9E6C30BE4B6}.Release|Any CPU.ActiveCfg = Release|Any CPU
		{2AA159BC-3587-483B-BE54-E9E6C30BE4B6}.Release|Any CPU.Build.0 = Release|Any CPU
		{EC920D7F-8B45-4314-87B3-5229D1C220CC}.Debug|Any CPU.ActiveCfg = Debug|Any CPU
		{EC920D7F-8B45-4314-87B3-5229D1C220CC}.Debug|Any CPU.Build.0 = Debug|Any CPU
		{EC920D7F-8B45-4314-87B3-5229D1C220CC}.Release|Any CPU.ActiveCfg = Release|Any CPU
		{EC920D7F-8B45-4314-87B3-5229D1C220CC}.Release|Any CPU.Build.0 = Release|Any CPU
	EndGlobalSection
	GlobalSection(SolutionProperties) = preSolution
		HideSolutionNode = FALSE
	EndGlobalSection
	GlobalSection(ExtensibilityGlobals) = postSolution
		SolutionGuid = {6BB890EC-79FF-4D4E-A90B-D0E0EF3DB848}
	EndGlobalSection
EndGlobal
